
Microsoft Visual Studio Solution File, Format Version 12.00
# Visual Studio 14
VisualStudioVersion = 14.0.25123.0
MinimumVisualStudioVersion = 10.0.40219.1
Project("{FAE04EC0-301F-11D3-BF4B-00C04F79EFBC}") = "{{ cookiecutter.assembly_name }}.Api", "{{ cookiecutter.assembly_name }}.Api\{{ cookiecutter.assembly_name }}.Api.csproj", "{5FDD6E0D-C1B4-48E8-96D1-CBB11D0BC774}"
EndProject
Project("{FAE04EC0-301F-11D3-BF4B-00C04F79EFBC}") = "{{ cookiecutter.assembly_name }}.Api.UnitTest", "{{ cookiecutter.assembly_name }}.Api.UnitTest\{{ cookiecutter.assembly_name }}.Api.UnitTest.csproj", "{7DBD7CA0-40FD-43F9-8D3F-96C2E2C0A58D}"
EndProject
Global
	GlobalSection(SolutionConfigurationPlatforms) = preSolution
		Debug|Any CPU = Debug|Any CPU
		Release|Any CPU = Release|Any CPU
	EndGlobalSection
	GlobalSection(ProjectConfigurationPlatforms) = postSolution
		{5FDD6E0D-C1B4-48E8-96D1-CBB11D0BC774}.Debug|Any CPU.ActiveCfg = Debug|Any CPU
		{5FDD6E0D-C1B4-48E8-96D1-CBB11D0BC774}.Debug|Any CPU.Build.0 = Debug|Any CPU
		{5FDD6E0D-C1B4-48E8-96D1-CBB11D0BC774}.Release|Any CPU.ActiveCfg = Release|Any CPU
		{5FDD6E0D-C1B4-48E8-96D1-CBB11D0BC774}.Release|Any CPU.Build.0 = Release|Any CPU
		{7DBD7CA0-40FD-43F9-8D3F-96C2E2C0A58D}.Debug|Any CPU.ActiveCfg = Debug|Any CPU
		{7DBD7CA0-40FD-43F9-8D3F-96C2E2C0A58D}.Debug|Any CPU.Build.0 = Debug|Any CPU
		{7DBD7CA0-40FD-43F9-8D3F-96C2E2C0A58D}.Release|Any CPU.ActiveCfg = Release|Any CPU
		{7DBD7CA0-40FD-43F9-8D3F-96C2E2C0A58D}.Release|Any CPU.Build.0 = Release|Any CPU
	EndGlobalSection
	GlobalSection(SolutionProperties) = preSolution
		HideSolutionNode = FALSE
	EndGlobalSection
EndGlobal
